
Microsoft Visual Studio Solution File, Format Version 11.00
# Visual Studio 2010
Project("{FAE04EC0-301F-11D3-BF4B-00C04F79EFBC}") = "Indiefreaks.Game.Framework WP7 (SunBurn Indie)", "Indiefreaks.Game.Framework\Indiefreaks.Game.Framework WP7 (SunBurn Indie).csproj", "{A22E3F97-D9B3-40AC-A3C0-7BC771FEE9A8}"
EndProject
Project("{FAE04EC0-301F-11D3-BF4B-00C04F79EFBC}") = "Indiefreaks.Game.Instancing WP7 (SunBurn Indie)", "Indiefreaks.Game.Instancing\Indiefreaks.Game.Instancing WP7 (SunBurn Indie).csproj", "{1BFDDF6D-1B8A-4905-B00E-6C69EEFE3F7B}"
EndProject
Project("{FAE04EC0-301F-11D3-BF4B-00C04F79EFBC}") = "Indiefreaks.Game.Logic WP7 (SunBurn Indie)", "Indiefreaks.Game.Logic\Indiefreaks.Game.Logic WP7 (SunBurn Indie).csproj", "{435EC00B-2F8D-4973-BE5A-F86F3CA9CC49}"
EndProject
Project("{FAE04EC0-301F-11D3-BF4B-00C04F79EFBC}") = "Indiefreaks.Game.AI WP7 (SunBurn Indie)", "Indiefreaks.Game.AI\Indiefreaks.Game.AI WP7 (SunBurn Indie).csproj", "{0BBB0729-C618-43CE-9044-B9001C17E061}"
EndProject
Project("{FAE04EC0-301F-11D3-BF4B-00C04F79EFBC}") = "Indiefreaks.Game.Particles WP7 (SunBurn Indie)", "Indiefreaks.Game.Particles\Indiefreaks.Game.Particles WP7 (SunBurn Indie).csproj", "{32974108-886D-428A-B5E2-EFC1CA19E1CE}"
EndProject
Project("{FAE04EC0-301F-11D3-BF4B-00C04F79EFBC}") = "Indiefreaks.Game.Physics WP7 (SunBurn Indie)", "Indiefreaks.Game.Physics\Indiefreaks.Game.Physics WP7 (SunBurn Indie).csproj", "{771B7CF2-4E4B-467D-A661-A4473F94D717}"
EndProject
Project("{FAE04EC0-301F-11D3-BF4B-00C04F79EFBC}") = "Indiefreaks.Game.Sprites WP7 (SunBurn Indie)", "Indiefreaks.Game.Sprites\Indiefreaks.Game.Sprites WP7 (SunBurn Indie).csproj", "{B2B663CA-5439-4519-B996-85A9C3F5A8E3}"
EndProject
Project("{FAE04EC0-301F-11D3-BF4B-00C04F79EFBC}") = "Indiefreaks.Game.UI WP7 (SunBurn Indie)", "Indiefreaks.Game.UI\Indiefreaks.Game.UI WP7 (SunBurn Indie).csproj", "{E4FBC671-7AD9-4969-A477-AC1F6A398A5B}"
EndProject
Project("{FAE04EC0-301F-11D3-BF4B-00C04F79EFBC}") = "Indiefreaks.Game.Mercury WP7 (SunBurn Indie)", "Indiefreaks.Game.Mercury\Indiefreaks.Game.Mercury WP7 (SunBurn Indie).csproj", "{60397321-72C5-4C06-A986-3799476B7C6A}"
EndProject
Global
	GlobalSection(SolutionConfigurationPlatforms) = preSolution
		Debug|Mixed Platforms = Debug|Mixed Platforms
		Debug|Windows Phone = Debug|Windows Phone
		Debug|x86 = Debug|x86
		Distribution|Mixed Platforms = Distribution|Mixed Platforms
		Distribution|Windows Phone = Distribution|Windows Phone
		Distribution|x86 = Distribution|x86
		Release|Mixed Platforms = Release|Mixed Platforms
		Release|Windows Phone = Release|Windows Phone
		Release|x86 = Release|x86
	GlobalSection(ProjectConfigurationPlatforms) = postSolution
		{A22E3F97-D9B3-40AC-A3C0-7BC771FEE9A8}.Debug|Mixed Platforms.ActiveCfg = Debug|Windows Phone
		{A22E3F97-D9B3-40AC-A3C0-7BC771FEE9A8}.Debug|Mixed Platforms.Build.0 = Debug|Windows Phone
		{A22E3F97-D9B3-40AC-A3C0-7BC771FEE9A8}.Debug|Windows Phone.ActiveCfg = Debug|Windows Phone
		{A22E3F97-D9B3-40AC-A3C0-7BC771FEE9A8}.Debug|Windows Phone.Build.0 = Debug|Windows Phone
		{A22E3F97-D9B3-40AC-A3C0-7BC771FEE9A8}.Debug|x86.ActiveCfg = Debug|Windows Phone
		{A22E3F97-D9B3-40AC-A3C0-7BC771FEE9A8}.Debug|x86.Build.0 = Debug|Windows Phone
		{A22E3F97-D9B3-40AC-A3C0-7BC771FEE9A8}.Distribution|Mixed Platforms.ActiveCfg = Distribution|Windows Phone
		{A22E3F97-D9B3-40AC-A3C0-7BC771FEE9A8}.Distribution|Mixed Platforms.Build.0 = Distribution|Windows Phone
		{A22E3F97-D9B3-40AC-A3C0-7BC771FEE9A8}.Distribution|Windows Phone.ActiveCfg = Distribution|Windows Phone
		{A22E3F97-D9B3-40AC-A3C0-7BC771FEE9A8}.Distribution|Windows Phone.Build.0 = Distribution|Windows Phone
		{A22E3F97-D9B3-40AC-A3C0-7BC771FEE9A8}.Distribution|x86.ActiveCfg = Distribution|Windows Phone
		{A22E3F97-D9B3-40AC-A3C0-7BC771FEE9A8}.Distribution|x86.Build.0 = Distribution|Windows Phone
		{A22E3F97-D9B3-40AC-A3C0-7BC771FEE9A8}.Release|Mixed Platforms.ActiveCfg = Release|Windows Phone
		{A22E3F97-D9B3-40AC-A3C0-7BC771FEE9A8}.Release|Mixed Platforms.Build.0 = Release|Windows Phone
		{A22E3F97-D9B3-40AC-A3C0-7BC771FEE9A8}.Release|Windows Phone.ActiveCfg = Release|Windows Phone
		{A22E3F97-D9B3-40AC-A3C0-7BC771FEE9A8}.Release|Windows Phone.Build.0 = Release|Windows Phone
		{A22E3F97-D9B3-40AC-A3C0-7BC771FEE9A8}.Release|x86.ActiveCfg = Release|Windows Phone
		{A22E3F97-D9B3-40AC-A3C0-7BC771FEE9A8}.Release|x86.Build.0 = Release|Windows Phone
		{1BFDDF6D-1B8A-4905-B00E-6C69EEFE3F7B}.Debug|Mixed Platforms.ActiveCfg = Debug|Windows Phone
		{1BFDDF6D-1B8A-4905-B00E-6C69EEFE3F7B}.Debug|Mixed Platforms.Build.0 = Debug|Windows Phone
		{1BFDDF6D-1B8A-4905-B00E-6C69EEFE3F7B}.Debug|Windows Phone.ActiveCfg = Debug|Windows Phone
		{1BFDDF6D-1B8A-4905-B00E-6C69EEFE3F7B}.Debug|Windows Phone.Build.0 = Debug|Windows Phone
		{1BFDDF6D-1B8A-4905-B00E-6C69EEFE3F7B}.Debug|x86.ActiveCfg = Debug|Windows Phone
		{1BFDDF6D-1B8A-4905-B00E-6C69EEFE3F7B}.Debug|x86.Build.0 = Debug|Windows Phone
		{1BFDDF6D-1B8A-4905-B00E-6C69EEFE3F7B}.Distribution|Mixed Platforms.ActiveCfg = Distribution|Windows Phone
		{1BFDDF6D-1B8A-4905-B00E-6C69EEFE3F7B}.Distribution|Mixed Platforms.Build.0 = Distribution|Windows Phone
		{1BFDDF6D-1B8A-4905-B00E-6C69EEFE3F7B}.Distribution|Windows Phone.ActiveCfg = Distribution|Windows Phone
		{1BFDDF6D-1B8A-4905-B00E-6C69EEFE3F7B}.Distribution|Windows Phone.Build.0 = Distribution|Windows Phone
		{1BFDDF6D-1B8A-4905-B00E-6C69EEFE3F7B}.Distribution|x86.ActiveCfg = Distribution|Windows Phone
		{1BFDDF6D-1B8A-4905-B00E-6C69EEFE3F7B}.Distribution|x86.Build.0 = Distribution|Windows Phone
		{1BFDDF6D-1B8A-4905-B00E-6C69EEFE3F7B}.Release|Mixed Platforms.ActiveCfg = Release|Windows Phone
		{1BFDDF6D-1B8A-4905-B00E-6C69EEFE3F7B}.Release|Mixed Platforms.Build.0 = Release|Windows Phone
		{1BFDDF6D-1B8A-4905-B00E-6C69EEFE3F7B}.Release|Windows Phone.ActiveCfg = Release|Windows Phone
		{1BFDDF6D-1B8A-4905-B00E-6C69EEFE3F7B}.Release|Windows Phone.Build.0 = Release|Windows Phone
		{1BFDDF6D-1B8A-4905-B00E-6C69EEFE3F7B}.Release|x86.ActiveCfg = Release|Windows Phone
		{1BFDDF6D-1B8A-4905-B00E-6C69EEFE3F7B}.Release|x86.Build.0 = Release|Windows Phone
		{435EC00B-2F8D-4973-BE5A-F86F3CA9CC49}.Debug|Mixed Platforms.ActiveCfg = Debug|Windows Phone
		{435EC00B-2F8D-4973-BE5A-F86F3CA9CC49}.Debug|Mixed Platforms.Build.0 = Debug|Windows Phone
		{435EC00B-2F8D-4973-BE5A-F86F3CA9CC49}.Debug|Windows Phone.ActiveCfg = Debug|Windows Phone
		{435EC00B-2F8D-4973-BE5A-F86F3CA9CC49}.Debug|Windows Phone.Build.0 = Debug|Windows Phone
		{435EC00B-2F8D-4973-BE5A-F86F3CA9CC49}.Debug|x86.ActiveCfg = Debug|Windows Phone
		{435EC00B-2F8D-4973-BE5A-F86F3CA9CC49}.Debug|x86.Build.0 = Debug|Windows Phone
		{435EC00B-2F8D-4973-BE5A-F86F3CA9CC49}.Distribution|Mixed Platforms.ActiveCfg = Distribution|Windows Phone
		{435EC00B-2F8D-4973-BE5A-F86F3CA9CC49}.Distribution|Mixed Platforms.Build.0 = Distribution|Windows Phone
		{435EC00B-2F8D-4973-BE5A-F86F3CA9CC49}.Distribution|Windows Phone.ActiveCfg = Distribution|Windows Phone
		{435EC00B-2F8D-4973-BE5A-F86F3CA9CC49}.Distribution|Windows Phone.Build.0 = Distribution|Windows Phone
		{435EC00B-2F8D-4973-BE5A-F86F3CA9CC49}.Distribution|x86.ActiveCfg = Distribution|Windows Phone
		{435EC00B-2F8D-4973-BE5A-F86F3CA9CC49}.Distribution|x86.Build.0 = Distribution|Windows Phone
		{435EC00B-2F8D-4973-BE5A-F86F3CA9CC49}.Release|Mixed Platforms.ActiveCfg = Release|Windows Phone
		{435EC00B-2F8D-4973-BE5A-F86F3CA9CC49}.Release|Mixed Platforms.Build.0 = Release|Windows Phone
		{435EC00B-2F8D-4973-BE5A-F86F3CA9CC49}.Release|Windows Phone.ActiveCfg = Release|Windows Phone
		{435EC00B-2F8D-4973-BE5A-F86F3CA9CC49}.Release|Windows Phone.Build.0 = Release|Windows Phone
		{435EC00B-2F8D-4973-BE5A-F86F3CA9CC49}.Release|x86.ActiveCfg = Release|Windows Phone
		{435EC00B-2F8D-4973-BE5A-F86F3CA9CC49}.Release|x86.Build.0 = Release|Windows Phone
		{0BBB0729-C618-43CE-9044-B9001C17E061}.Debug|Mixed Platforms.ActiveCfg = Debug|Windows Phone
		{0BBB0729-C618-43CE-9044-B9001C17E061}.Debug|Mixed Platforms.Build.0 = Debug|Windows Phone
		{0BBB0729-C618-43CE-9044-B9001C17E061}.Debug|Windows Phone.ActiveCfg = Debug|Windows Phone
		{0BBB0729-C618-43CE-9044-B9001C17E061}.Debug|Windows Phone.Build.0 = Debug|Windows Phone
		{0BBB0729-C618-43CE-9044-B9001C17E061}.Debug|x86.ActiveCfg = Debug|Windows Phone
		{0BBB0729-C618-43CE-9044-B9001C17E061}.Debug|x86.Build.0 = Debug|Windows Phone
		{0BBB0729-C618-43CE-9044-B9001C17E061}.Distribution|Mixed Platforms.ActiveCfg = Distribution|Windows Phone
		{0BBB0729-C618-43CE-9044-B9001C17E061}.Distribution|Mixed Platforms.Build.0 = Distribution|Windows Phone
		{0BBB0729-C618-43CE-9044-B9001C17E061}.Distribution|Windows Phone.ActiveCfg = Distribution|Windows Phone
		{0BBB0729-C618-43CE-9044-B9001C17E061}.Distribution|Windows Phone.Build.0 = Distribution|Windows Phone
		{0BBB0729-C618-43CE-9044-B9001C17E061}.Distribution|x86.ActiveCfg = Distribution|Windows Phone
		{0BBB0729-C618-43CE-9044-B9001C17E061}.Distribution|x86.Build.0 = Distribution|Windows Phone
		{0BBB0729-C618-43CE-9044-B9001C17E061}.Release|Mixed Platforms.ActiveCfg = Release|Windows Phone
		{0BBB0729-C618-43CE-9044-B9001C17E061}.Release|Mixed Platforms.Build.0 = Release|Windows Phone
		{0BBB0729-C618-43CE-9044-B9001C17E061}.Release|Windows Phone.ActiveCfg = Release|Windows Phone
		{0BBB0729-C618-43CE-9044-B9001C17E061}.Release|Windows Phone.Build.0 = Release|Windows Phone
		{0BBB0729-C618-43CE-9044-B9001C17E061}.Release|x86.ActiveCfg = Release|Windows Phone
		{0BBB0729-C618-43CE-9044-B9001C17E061}.Release|x86.Build.0 = Release|Windows Phone
		{32974108-886D-428A-B5E2-EFC1CA19E1CE}.Debug|Mixed Platforms.ActiveCfg = Debug|Windows Phone
		{32974108-886D-428A-B5E2-EFC1CA19E1CE}.Debug|Mixed Platforms.Build.0 = Debug|Windows Phone
		{32974108-886D-428A-B5E2-EFC1CA19E1CE}.Debug|Windows Phone.ActiveCfg = Debug|Windows Phone
		{32974108-886D-428A-B5E2-EFC1CA19E1CE}.Debug|Windows Phone.Build.0 = Debug|Windows Phone
		{32974108-886D-428A-B5E2-EFC1CA19E1CE}.Debug|x86.ActiveCfg = Debug|Windows Phone
		{32974108-886D-428A-B5E2-EFC1CA19E1CE}.Debug|x86.Build.0 = Debug|Windows Phone
		{32974108-886D-428A-B5E2-EFC1CA19E1CE}.Distribution|Mixed Platforms.ActiveCfg = Distribution|Windows Phone
		{32974108-886D-428A-B5E2-EFC1CA19E1CE}.Distribution|Mixed Platforms.Build.0 = Distribution|Windows Phone
		{32974108-886D-428A-B5E2-EFC1CA19E1CE}.Distribution|Windows Phone.ActiveCfg = Distribution|Windows Phone
		{32974108-886D-428A-B5E2-EFC1CA19E1CE}.Distribution|Windows Phone.Build.0 = Distribution|Windows Phone
		{32974108-886D-428A-B5E2-EFC1CA19E1CE}.Distribution|x86.ActiveCfg = Distribution|Windows Phone
		{32974108-886D-428A-B5E2-EFC1CA19E1CE}.Distribution|x86.Build.0 = Distribution|Windows Phone
		{32974108-886D-428A-B5E2-EFC1CA19E1CE}.Release|Mixed Platforms.ActiveCfg = Release|Windows Phone
		{32974108-886D-428A-B5E2-EFC1CA19E1CE}.Release|Mixed Platforms.Build.0 = Release|Windows Phone
		{32974108-886D-428A-B5E2-EFC1CA19E1CE}.Release|Windows Phone.ActiveCfg = Release|Windows Phone
		{32974108-886D-428A-B5E2-EFC1CA19E1CE}.Release|Windows Phone.Build.0 = Release|Windows Phone
		{32974108-886D-428A-B5E2-EFC1CA19E1CE}.Release|x86.ActiveCfg = Release|Windows Phone
		{32974108-886D-428A-B5E2-EFC1CA19E1CE}.Release|x86.Build.0 = Release|Windows Phone
		{771B7CF2-4E4B-467D-A661-A4473F94D717}.Debug|Mixed Platforms.ActiveCfg = Debug|Windows Phone
		{771B7CF2-4E4B-467D-A661-A4473F94D717}.Debug|Mixed Platforms.Build.0 = Debug|Windows Phone
		{771B7CF2-4E4B-467D-A661-A4473F94D717}.Debug|Windows Phone.ActiveCfg = Debug|Windows Phone
		{771B7CF2-4E4B-467D-A661-A4473F94D717}.Debug|Windows Phone.Build.0 = Debug|Windows Phone
		{771B7CF2-4E4B-467D-A661-A4473F94D717}.Debug|x86.ActiveCfg = Debug|Windows Phone
		{771B7CF2-4E4B-467D-A661-A4473F94D717}.Debug|x86.Build.0 = Debug|Windows Phone
		{771B7CF2-4E4B-467D-A661-A4473F94D717}.Distribution|Mixed Platforms.ActiveCfg = Distribution|Windows Phone
		{771B7CF2-4E4B-467D-A661-A4473F94D717}.Distribution|Mixed Platforms.Build.0 = Distribution|Windows Phone
		{771B7CF2-4E4B-467D-A661-A4473F94D717}.Distribution|Windows Phone.ActiveCfg = Distribution|Windows Phone
		{771B7CF2-4E4B-467D-A661-A4473F94D717}.Distribution|Windows Phone.Build.0 = Distribution|Windows Phone
		{771B7CF2-4E4B-467D-A661-A4473F94D717}.Distribution|x86.ActiveCfg = Distribution|Windows Phone
		{771B7CF2-4E4B-467D-A661-A4473F94D717}.Distribution|x86.Build.0 = Distribution|Windows Phone
		{771B7CF2-4E4B-467D-A661-A4473F94D717}.Release|Mixed Platforms.ActiveCfg = Release|Windows Phone
		{771B7CF2-4E4B-467D-A661-A4473F94D717}.Release|Mixed Platforms.Build.0 = Release|Windows Phone
		{771B7CF2-4E4B-467D-A661-A4473F94D717}.Release|Windows Phone.ActiveCfg = Release|Windows Phone
		{771B7CF2-4E4B-467D-A661-A4473F94D717}.Release|Windows Phone.Build.0 = Release|Windows Phone
		{771B7CF2-4E4B-467D-A661-A4473F94D717}.Release|x86.ActiveCfg = Release|Windows Phone
		{771B7CF2-4E4B-467D-A661-A4473F94D717}.Release|x86.Build.0 = Release|Windows Phone
		{B2B663CA-5439-4519-B996-85A9C3F5A8E3}.Debug|Mixed Platforms.ActiveCfg = Debug|Windows Phone
		{B2B663CA-5439-4519-B996-85A9C3F5A8E3}.Debug|Mixed Platforms.Build.0 = Debug|Windows Phone
		{B2B663CA-5439-4519-B996-85A9C3F5A8E3}.Debug|Windows Phone.ActiveCfg = Debug|Windows Phone
		{B2B663CA-5439-4519-B996-85A9C3F5A8E3}.Debug|Windows Phone.Build.0 = Debug|Windows Phone
		{B2B663CA-5439-4519-B996-85A9C3F5A8E3}.Debug|x86.ActiveCfg = Debug|Windows Phone
		{B2B663CA-5439-4519-B996-85A9C3F5A8E3}.Debug|x86.Build.0 = Debug|Windows Phone
		{B2B663CA-5439-4519-B996-85A9C3F5A8E3}.Distribution|Mixed Platforms.ActiveCfg = Distribution|Windows Phone
		{B2B663CA-5439-4519-B996-85A9C3F5A8E3}.Distribution|Mixed Platforms.Build.0 = Distribution|Windows Phone
		{B2B663CA-5439-4519-B996-85A9C3F5A8E3}.Distribution|Windows Phone.ActiveCfg = Distribution|Windows Phone
		{B2B663CA-5439-4519-B996-85A9C3F5A8E3}.Distribution|Windows Phone.Build.0 = Distribution|Windows Phone
		{B2B663CA-5439-4519-B996-85A9C3F5A8E3}.Distribution|x86.ActiveCfg = Distribution|Windows Phone
		{B2B663CA-5439-4519-B996-85A9C3F5A8E3}.Distribution|x86.Build.0 = Distribution|Windows Phone
		{B2B663CA-5439-4519-B996-85A9C3F5A8E3}.Release|Mixed Platforms.ActiveCfg = Release|Windows Phone
		{B2B663CA-5439-4519-B996-85A9C3F5A8E3}.Release|Mixed Platforms.Build.0 = Release|Windows Phone
		{B2B663CA-5439-4519-B996-85A9C3F5A8E3}.Release|Windows Phone.ActiveCfg = Release|Windows Phone
		{B2B663CA-5439-4519-B996-85A9C3F5A8E3}.Release|Windows Phone.Build.0 = Release|Windows Phone
		{B2B663CA-5439-4519-B996-85A9C3F5A8E3}.Release|x86.ActiveCfg = Release|Windows Phone
		{B2B663CA-5439-4519-B996-85A9C3F5A8E3}.Release|x86.Build.0 = Release|Windows Phone
		{E4FBC671-7AD9-4969-A477-AC1F6A398A5B}.Debug|Mixed Platforms.ActiveCfg = Debug|Windows Phone
		{E4FBC671-7AD9-4969-A477-AC1F6A398A5B}.Debug|Mixed Platforms.Build.0 = Debug|Windows Phone
		{E4FBC671-7AD9-4969-A477-AC1F6A398A5B}.Debug|Windows Phone.ActiveCfg = Debug|Windows Phone
		{E4FBC671-7AD9-4969-A477-AC1F6A398A5B}.Debug|Windows Phone.Build.0 = Debug|Windows Phone
		{E4FBC671-7AD9-4969-A477-AC1F6A398A5B}.Debug|x86.ActiveCfg = Debug|Windows Phone
		{E4FBC671-7AD9-4969-A477-AC1F6A398A5B}.Debug|x86.Build.0 = Debug|Windows Phone
		{E4FBC671-7AD9-4969-A477-AC1F6A398A5B}.Distribution|Mixed Platforms.ActiveCfg = Distribution|Windows Phone
		{E4FBC671-7AD9-4969-A477-AC1F6A398A5B}.Distribution|Mixed Platforms.Build.0 = Distribution|Windows Phone
		{E4FBC671-7AD9-4969-A477-AC1F6A398A5B}.Distribution|Windows Phone.ActiveCfg = Distribution|Windows Phone
		{E4FBC671-7AD9-4969-A477-AC1F6A398A5B}.Distribution|Windows Phone.Build.0 = Distribution|Windows Phone
		{E4FBC671-7AD9-4969-A477-AC1F6A398A5B}.Distribution|x86.ActiveCfg = Distribution|Windows Phone
		{E4FBC671-7AD9-4969-A477-AC1F6A398A5B}.Distribution|x86.Build.0 = Distribution|Windows Phone
		{E4FBC671-7AD9-4969-A477-AC1F6A398A5B}.Release|Mixed Platforms.ActiveCfg = Release|Windows Phone
		{E4FBC671-7AD9-4969-A477-AC1F6A398A5B}.Release|Mixed Platforms.Build.0 = Release|Windows Phone
		{E4FBC671-7AD9-4969-A477-AC1F6A398A5B}.Release|Windows Phone.ActiveCfg = Release|Windows Phone
		{E4FBC671-7AD9-4969-A477-AC1F6A398A5B}.Release|Windows Phone.Build.0 = Release|Windows Phone
		{E4FBC671-7AD9-4969-A477-AC1F6A398A5B}.Release|x86.ActiveCfg = Release|Windows Phone
		{E4FBC671-7AD9-4969-A477-AC1F6A398A5B}.Release|x86.Build.0 = Release|Windows Phone
		{60397321-72C5-4C06-A986-3799476B7C6A}.Debug|Mixed Platforms.ActiveCfg = Debug|Windows Phone
		{60397321-72C5-4C06-A986-3799476B7C6A}.Debug|Mixed Platforms.Build.0 = Debug|Windows Phone
		{60397321-72C5-4C06-A986-3799476B7C6A}.Debug|Windows Phone.ActiveCfg = Debug|Windows Phone
		{60397321-72C5-4C06-A986-3799476B7C6A}.Debug|Windows Phone.Build.0 = Debug|Windows Phone
		{60397321-72C5-4C06-A986-3799476B7C6A}.Debug|x86.ActiveCfg = Debug|Windows Phone
		{60397321-72C5-4C06-A986-3799476B7C6A}.Distribution|Mixed Platforms.ActiveCfg = Distribution|Windows Phone
		{60397321-72C5-4C06-A986-3799476B7C6A}.Distribution|Mixed Platforms.Build.0 = Distribution|Windows Phone
		{60397321-72C5-4C06-A986-3799476B7C6A}.Distribution|Windows Phone.ActiveCfg = Distribution|Windows Phone
		{60397321-72C5-4C06-A986-3799476B7C6A}.Distribution|Windows Phone.Build.0 = Distribution|Windows Phone
		{60397321-72C5-4C06-A986-3799476B7C6A}.Distribution|x86.ActiveCfg = Distribution|Windows Phone
		{60397321-72C5-4C06-A986-3799476B7C6A}.Release|Mixed Platforms.ActiveCfg = Release|Windows Phone
		{60397321-72C5-4C06-A986-3799476B7C6A}.Release|Mixed Platforms.Build.0 = Release|Windows Phone
		{60397321-72C5-4C06-A986-3799476B7C6A}.Release|Windows Phone.ActiveCfg = Release|Windows Phone
		{60397321-72C5-4C06-A986-3799476B7C6A}.Release|Windows Phone.Build.0 = Release|Windows Phone
		{60397321-72C5-4C06-A986-3799476B7C6A}.Release|x86.ActiveCfg = Release|Windows Phone
	GlobalSection(SolutionProperties) = preSolution
		HideSolutionNode = FALSE
EndGlobal
